
Microsoft Visual Studio Solution File, Format Version 12.00
# Visual Studio Version 17
VisualStudioVersion = 17.5.33424.131
MinimumVisualStudioVersion = 10.0.40219.1
Project("{8BC9CEB8-8B4A-11D0-8D11-00A0C91BC942}") = "baseq", "baseq\baseq.vcxproj", "{809C6409-D838-49F0-8079-A63421D7EBCC}"
EndProject
Project("{8BC9CEB8-8B4A-11D0-8D11-00A0C91BC942}") = "pased", "pased\pased.vcxproj", "{838B981A-FF7D-4237-B067-97765152427B}"
EndProject
Global
	GlobalSection(SolutionConfigurationPlatforms) = preSolution
		Debug|ARM64 = Debug|ARM64
		Debug|x64 = Debug|x64
		Debug|x86 = Debug|x86
		Release|ARM64 = Release|ARM64
		Release|x64 = Release|x64
		Release|x86 = Release|x86
	EndGlobalSection
	GlobalSection(ProjectConfigurationPlatforms) = postSolution
		{809C6409-D838-49F0-8079-A63421D7EBCC}.Debug|ARM64.ActiveCfg = Debug|x64
		{809C6409-D838-49F0-8079-A63421D7EBCC}.Debug|ARM64.Build.0 = Debug|x64
		{809C6409-D838-49F0-8079-A63421D7EBCC}.Debug|x64.ActiveCfg = Debug|x64
		{809C6409-D838-49F0-8079-A63421D7EBCC}.Debug|x64.Build.0 = Debug|x64
		{809C6409-D838-49F0-8079-A63421D7EBCC}.Debug|x86.ActiveCfg = Debug|Win32
		{809C6409-D838-49F0-8079-A63421D7EBCC}.Debug|x86.Build.0 = Debug|Win32
		{809C6409-D838-49F0-8079-A63421D7EBCC}.Release|ARM64.ActiveCfg = Release|x64
		{809C6409-D838-49F0-8079-A63421D7EBCC}.Release|ARM64.Build.0 = Release|x64
		{809C6409-D838-49F0-8079-A63421D7EBCC}.Release|x64.ActiveCfg = Release|x64
		{809C6409-D838-49F0-8079-A63421D7EBCC}.Release|x64.Build.0 = Release|x64
		{809C6409-D838-49F0-8079-A63421D7EBCC}.Release|x86.ActiveCfg = Release|Win32
		{809C6409-D838-49F0-8079-A63421D7EBCC}.Release|x86.Build.0 = Release|Win32
		{838B981A-FF7D-4237-B067-97765152427B}.Debug|ARM64.ActiveCfg = Debug|ARM64
		{838B981A-FF7D-4237-B067-97765152427B}.Debug|ARM64.Build.0 = Debug|ARM64
		{838B981A-FF7D-4237-B067-97765152427B}.Debug|ARM64.Deploy.0 = Debug|ARM64
		{838B981A-FF7D-4237-B067-97765152427B}.Debug|x64.ActiveCfg = Debug|x64
		{838B981A-FF7D-4237-B067-97765152427B}.Debug|x64.Build.0 = Debug|x64
		{838B981A-FF7D-4237-B067-97765152427B}.Debug|x64.Deploy.0 = Debug|x64
		{838B981A-FF7D-4237-B067-97765152427B}.Debug|x86.ActiveCfg = Debug|x64
		{838B981A-FF7D-4237-B067-97765152427B}.Debug|x86.Build.0 = Debug|x64
		{838B981A-FF7D-4237-B067-97765152427B}.Debug|x86.Deploy.0 = Debug|x64
		{838B981A-FF7D-4237-B067-97765152427B}.Release|ARM64.ActiveCfg = Release|ARM64
		{838B981A-FF7D-4237-B067-97765152427B}.Release|ARM64.Build.0 = Release|ARM64
		{838B981A-FF7D-4237-B067-97765152427B}.Release|ARM64.Deploy.0 = Release|ARM64
		{838B981A-FF7D-4237-B067-97765152427B}.Release|x64.ActiveCfg = Release|x64
		{838B981A-FF7D-4237-B067-97765152427B}.Release|x64.Build.0 = Release|x64
		{838B981A-FF7D-4237-B067-97765152427B}.Release|x64.Deploy.0 = Release|x64
		{838B981A-FF7D-4237-B067-97765152427B}.Release|x86.ActiveCfg = Release|x64
		{838B981A-FF7D-4237-B067-97765152427B}.Release|x86.Build.0 = Release|x64
		{838B981A-FF7D-4237-B067-97765152427B}.Release|x86.Deploy.0 = Release|x64
	EndGlobalSection
	GlobalSection(SolutionProperties) = preSolution
		HideSolutionNode = FALSE
	EndGlobalSection
	GlobalSection(ExtensibilityGlobals) = postSolution
		SolutionGuid = {DC4BA017-5268-4264-B831-A158071F9B07}
	EndGlobalSection
EndGlobal
